// !$*UTF8*$!
{
	archiveVersion = 1;
	classes = {
	};
	objectVersion = 46;
	objects = {

/* Begin PBXBuildFile section */
		4FD53C471F141CBF001BA267 /* AppDelegate.swift in Sources */ = {isa = PBXBuildFile; fileRef = 4FD53C461F141CBF001BA267 /* AppDelegate.swift */; };
		4FD53C491F141CBF001BA267 /* ViewController.swift in Sources */ = {isa = PBXBuildFile; fileRef = 4FD53C481F141CBF001BA267 /* ViewController.swift */; };
		4FD53C4B1F141CBF001BA267 /* Assets.xcassets in Resources */ = {isa = PBXBuildFile; fileRef = 4FD53C4A1F141CBF001BA267 /* Assets.xcassets */; };
		4FD53C4E1F141CBF001BA267 /* Main.storyboard in Resources */ = {isa = PBXBuildFile; fileRef = 4FD53C4C1F141CBF001BA267 /* Main.storyboard */; };
/* End PBXBuildFile section */

/* Begin PBXFileReference section */
		4FD53C431F141CBF001BA267 /* Nethack Client.app */ = {isa = PBXFileReference; explicitFileType = wrapper.application; includeInIndex = 0; path = "Nethack Client.app"; sourceTree = BUILT_PRODUCTS_DIR; };
		4FD53C461F141CBF001BA267 /* AppDelegate.swift */ = {isa = PBXFileReference; lastKnownFileType = sourcecode.swift; path = AppDelegate.swift; sourceTree = "<group>"; };
		4FD53C481F141CBF001BA267 /* ViewController.swift */ = {isa = PBXFileReference; lastKnownFileType = sourcecode.swift; path = ViewController.swift; sourceTree = "<group>"; };
		4FD53C4A1F141CBF001BA267 /* Assets.xcassets */ = {isa = PBXFileReference; lastKnownFileType = folder.assetcatalog; path = Assets.xcassets; sourceTree = "<group>"; };
		4FD53C4D1F141CBF001BA267 /* Base */ = {isa = PBXFileReference; lastKnownFileType = file.storyboard; name = Base; path = Base.lproj/Main.storyboard; sourceTree = "<group>"; };
		4FD53C4F1F141CBF001BA267 /* Info.plist */ = {isa = PBXFileReference; lastKnownFileType = text.plist.xml; path = Info.plist; sourceTree = "<group>"; };
/* End PBXFileReference section */

/* Begin PBXFrameworksBuildPhase section */
		4FD53C401F141CBF001BA267 /* Frameworks */ = {
			isa = PBXFrameworksBuildPhase;
			buildActionMask = 2147483647;
			files = (
			);
			runOnlyForDeploymentPostprocessing = 0;
		};
/* End PBXFrameworksBuildPhase section */

/* Begin PBXGroup section */
		4FD53C3A1F141CBF001BA267 = {
			isa = PBXGroup;
			children = (
				4FD53C451F141CBF001BA267 /* Nethack Client */,
				4FD53C441F141CBF001BA267 /* Products */,
			);
			sourceTree = "<group>";
		};
		4FD53C441F141CBF001BA267 /* Products */ = {
			isa = PBXGroup;
			children = (
				4FD53C431F141CBF001BA267 /* Nethack Client.app */,
			);
			name = Products;
			sourceTree = "<group>";
		};
		4FD53C451F141CBF001BA267 /* Nethack Client */ = {
			isa = PBXGroup;
			children = (
				4FD53C461F141CBF001BA267 /* AppDelegate.swift */,
				4FD53C481F141CBF001BA267 /* ViewController.swift */,
				4FD53C4A1F141CBF001BA267 /* Assets.xcassets */,
				4FD53C4C1F141CBF001BA267 /* Main.storyboard */,
				4FD53C4F1F141CBF001BA267 /* Info.plist */,
			);
			path = "Nethack Client";
			sourceTree = "<group>";
		};
/* End PBXGroup section */

/* Begin PBXNativeTarget section */
		4FD53C421F141CBF001BA267 /* Nethack Client */ = {
			isa = PBXNativeTarget;
			buildConfigurationList = 4FD53C521F141CBF001BA267 /* Build configuration list for PBXNativeTarget "Nethack Client" */;
			buildPhases = (
				4FD53C3F1F141CBF001BA267 /* Sources */,
				4FD53C401F141CBF001BA267 /* Frameworks */,
				4FD53C411F141CBF001BA267 /* Resources */,
			);
			buildRules = (
			);
			dependencies = (
			);
			name = "Nethack Client";
			productName = "Nethack Client";
			productReference = 4FD53C431F141CBF001BA267 /* Nethack Client.app */;
			productType = "com.apple.product-type.application";
		};
/* End PBXNativeTarget section */

/* Begin PBXProject section */
		4FD53C3B1F141CBF001BA267 /* Project object */ = {
			isa = PBXProject;
			attributes = {
				LastSwiftUpdateCheck = 0830;
				LastUpgradeCheck = 0830;
				ORGANIZATIONNAME = Eigengrau;
				TargetAttributes = {
					4FD53C421F141CBF001BA267 = {
						CreatedOnToolsVersion = 8.3.3;
						DevelopmentTeam = 72RY55M3UT;
						ProvisioningStyle = Automatic;
					};
				};
			};
			buildConfigurationList = 4FD53C3E1F141CBF001BA267 /* Build configuration list for PBXProject "Nethack Client" */;
			compatibilityVersion = "Xcode 3.2";
			developmentRegion = English;
			hasScannedForEncodings = 0;
			knownRegions = (
				en,
				Base,
			);
			mainGroup = 4FD53C3A1F141CBF001BA267;
			productRefGroup = 4FD53C441F141CBF001BA267 /* Products */;
			projectDirPath = "";
			projectRoot = "";
			targets = (
				4FD53C421F141CBF001BA267 /* Nethack Client */,
			);
		};
/* End PBXProject section */

/* Begin PBXResourcesBuildPhase section */
		4FD53C411F141CBF001BA267 /* Resources */ = {
			isa = PBXResourcesBuildPhase;
			buildActionMask = 2147483647;
			files = (
				4FD53C4B1F141CBF001BA267 /* Assets.xcassets in Resources */,
				4FD53C4E1F141CBF001BA267 /* Main.storyboard in Resources */,
			);
			runOnlyForDeploymentPostprocessing = 0;
		};
/* End PBXResourcesBuildPhase section */

/* Begin PBXSourcesBuildPhase section */
		4FD53C3F1F141CBF001BA267 /* Sources */ = {
			isa = PBXSourcesBuildPhase;
			buildActionMask = 2147483647;
			files = (
				4FD53C491F141CBF001BA267 /* ViewController.swift in Sources */,
				4FD53C471F141CBF001BA267 /* AppDelegate.swift in Sources */,
			);
			runOnlyForDeploymentPostprocessing = 0;
		};
/* End PBXSourcesBuildPhase section */

/* Begin PBXVariantGroup section */
		4FD53C4C1F141CBF001BA267 /* Main.storyboard */ = {
			isa = PBXVariantGroup;
			children = (
				4FD53C4D1F141CBF001BA267 /* Base */,
			);
			name = Main.storyboard;
			sourceTree = "<group>";
		};
/* End PBXVariantGroup section */

/* Begin XCBuildConfiguration section */
		4FD53C501F141CBF001BA267 /* Debug */ = {
			isa = XCBuildConfiguration;
			buildSettings = {
				ALWAYS_SEARCH_USER_PATHS = NO;
				CLANG_ANALYZER_NONNULL = YES;
				CLANG_ANALYZER_NUMBER_OBJECT_CONVERSION = YES_AGGRESSIVE;
				CLANG_CXX_LANGUAGE_STANDARD = "gnu++0x";
				CLANG_CXX_LIBRARY = "libc++";
				CLANG_ENABLE_MODULES = YES;
				CLANG_ENABLE_OBJC_ARC = YES;
				CLANG_WARN_BOOL_CONVERSION = YES;
				CLANG_WARN_CONSTANT_CONVERSION = YES;
				CLANG_WARN_DIRECT_OBJC_ISA_USAGE = YES_ERROR;
				CLANG_WARN_DOCUMENTATION_COMMENTS = YES;
				CLANG_WARN_EMPTY_BODY = YES;
				CLANG_WARN_ENUM_CONVERSION = YES;
				CLANG_WARN_INFINITE_RECURSION = YES;
				CLANG_WARN_INT_CONVERSION = YES;
				CLANG_WARN_OBJC_ROOT_CLASS = YES_ERROR;
				CLANG_WARN_SUSPICIOUS_MOVE = YES;
				CLANG_WARN_UNREACHABLE_CODE = YES;
				CLANG_WARN__DUPLICATE_METHOD_MATCH = YES;
				CODE_SIGN_IDENTITY = "-";
				COPY_PHASE_STRIP = NO;
				DEBUG_INFORMATION_FORMAT = dwarf;
				ENABLE_STRICT_OBJC_MSGSEND = YES;
				ENABLE_TESTABILITY = YES;
				GCC_C_LANGUAGE_STANDARD = gnu99;
				GCC_DYNAMIC_NO_PIC = NO;
				GCC_NO_COMMON_BLOCKS = YES;
				GCC_OPTIMIZATION_LEVEL = 0;
				GCC_PREPROCESSOR_DEFINITIONS = (
					"DEBUG=1",
					"$(inherited)",
				);
				GCC_WARN_64_TO_32_BIT_CONVERSION = YES;
				GCC_WARN_ABOUT_RETURN_TYPE = YES_ERROR;
				GCC_WARN_UNDECLARED_SELECTOR = YES;
				GCC_WARN_UNINITIALIZED_AUTOS = YES_AGGRESSIVE;
				GCC_WARN_UNUSED_FUNCTION = YES;
				GCC_WARN_UNUSED_VARIABLE = YES;
				MACOSX_DEPLOYMENT_TARGET = 10.12;
				MTL_ENABLE_DEBUG_INFO = YES;
				ONLY_ACTIVE_ARCH = YES;
				SDKROOT = macosx;
				SWIFT_ACTIVE_COMPILATION_CONDITIONS = DEBUG;
				SWIFT_OPTIMIZATION_LEVEL = "-Onone";
			};
			name = Debug;
		};
		4FD53C511F141CBF001BA267 /* Release */ = {
			isa = XCBuildConfiguration;
			buildSettings = {
				ALWAYS_SEARCH_USER_PATHS = NO;
				CLANG_ANALYZER_NONNULL = YES;
				CLANG_ANALYZER_NUMBER_OBJECT_CONVERSION = YES_AGGRESSIVE;
				CLANG_CXX_LANGUAGE_STANDARD = "gnu++0x";
				CLANG_CXX_LIBRARY = "libc++";
				CLANG_ENABLE_MODULES = YES;
				CLANG_ENABLE_OBJC_ARC = YES;
				CLANG_WARN_BOOL_CONVERSION = YES;
				CLANG_WARN_CONSTANT_CONVERSION = YES;
				CLANG_WARN_DIRECT_OBJC_ISA_USAGE = YES_ERROR;
				CLANG_WARN_DOCUMENTATION_COMMENTS = YES;
				CLANG_WARN_EMPTY_BODY = YES;
				CLANG_WARN_ENUM_CONVERSION = YES;
				CLANG_WARN_INFINITE_RECURSION = YES;
				CLANG_WARN_INT_CONVERSION = YES;
				CLANG_WARN_OBJC_ROOT_CLASS = YES_ERROR;
				CLANG_WARN_SUSPICIOUS_MOVE = YES;
				CLANG_WARN_UNREACHABLE_CODE = YES;
				CLANG_WARN__DUPLICATE_METHOD_MATCH = YES;
				CODE_SIGN_IDENTITY = "-";
				COPY_PHASE_STRIP = NO;
				DEBUG_INFORMATION_FORMAT = "dwarf-with-dsym";
				ENABLE_NS_ASSERTIONS = NO;
				ENABLE_STRICT_OBJC_MSGSEND = YES;
				GCC_C_LANGUAGE_STANDARD = gnu99;
				GCC_NO_COMMON_BLOCKS = YES;
				GCC_WARN_64_TO_32_BIT_CONVERSION = YES;
				GCC_WARN_ABOUT_RETURN_TYPE = YES_ERROR;
				GCC_WARN_UNDECLARED_SELECTOR = YES;
				GCC_WARN_UNINITIALIZED_AUTOS = YES_AGGRESSIVE;
				GCC_WARN_UNUSED_FUNCTION = YES;
				GCC_WARN_UNUSED_VARIABLE = YES;
				MACOSX_DEPLOYMENT_TARGET = 10.12;
				MTL_ENABLE_DEBUG_INFO = NO;
				SDKROOT = macosx;
				SWIFT_OPTIMIZATION_LEVEL = "-Owholemodule";
			};
			name = Release;
		};
		4FD53C531F141CBF001BA267 /* Debug */ = {
			isa = XCBuildConfiguration;
			buildSettings = {
				ASSETCATALOG_COMPILER_APPICON_NAME = AppIcon;
				COMBINE_HIDPI_IMAGES = YES;
				DEVELOPMENT_TEAM = 72RY55M3UT;
				INFOPLIST_FILE = "Nethack Client/Info.plist";
				LD_RUNPATH_SEARCH_PATHS = "$(inherited) @executable_path/../Frameworks";
				PRODUCT_BUNDLE_IDENTIFIER = "com.eigengrau.Nethack-Client";
				PRODUCT_NAME = "$(TARGET_NAME)";
				SWIFT_VERSION = 3.0;
			};
			name = Debug;
		};
		4FD53C541F141CBF001BA267 /* Release */ = {
			isa = XCBuildConfiguration;
			buildSettings = {
				ASSETCATALOG_COMPILER_APPICON_NAME = AppIcon;
				COMBINE_HIDPI_IMAGES = YES;
				DEVELOPMENT_TEAM = 72RY55M3UT;
				INFOPLIST_FILE = "Nethack Client/Info.plist";
				LD_RUNPATH_SEARCH_PATHS = "$(inherited) @executable_path/../Frameworks";
				PRODUCT_BUNDLE_IDENTIFIER = "com.eigengrau.Nethack-Client";
				PRODUCT_NAME = "$(TARGET_NAME)";
				SWIFT_VERSION = 3.0;
			};
			name = Release;
		};
/* End XCBuildConfiguration section */

/* Begin XCConfigurationList section */
		4FD53C3E1F141CBF001BA267 /* Build configuration list for PBXProject "Nethack Client" */ = {
			isa = XCConfigurationList;
			buildConfigurations = (
				4FD53C501F141CBF001BA267 /* Debug */,
				4FD53C511F141CBF001BA267 /* Release */,
			);
			defaultConfigurationIsVisible = 0;
			defaultConfigurationName = Release;
		};
		4FD53C521F141CBF001BA267 /* Build configuration list for PBXNativeTarget "Nethack Client" */ = {
			isa = XCConfigurationList;
			buildConfigurations = (
				4FD53C531F141CBF001BA267 /* Debug */,
				4FD53C541F141CBF001BA267 /* Release */,
			);
			defaultConfigurationIsVisible = 0;
		};
/* End XCConfigurationList section */
	};
	rootObject = 4FD53C3B1F141CBF001BA267 /* Project object */;
}
